
Microsoft Visual Studio Solution File, Format Version 12.00
# Visual Studio Version 17
VisualStudioVersion = 17.5.002.0
MinimumVisualStudioVersion = 10.0.40219.1
Project("{9A19103F-16F7-4668-BE54-9A1E7A4F7556}") = "MyWebApi", "MyWebApi.csproj", "{0D56E8F6-ED80-4FC6-AF57-55B11F118BBF}"
EndProject
Global
	GlobalSection(SolutionConfigurationPlatforms) = preSolution
		Debug|Any CPU = Debug|Any CPU
		Release|Any CPU = Release|Any CPU
	EndGlobalSection
	GlobalSection(ProjectConfigurationPlatforms) = postSolution
		{0D56E8F6-ED80-4FC6-AF57-55B11F118BBF}.Debug|Any CPU.ActiveCfg = Debug|Any CPU
		{0D56E8F6-ED80-4FC6-AF57-55B11F118BBF}.Debug|Any CPU.Build.0 = Debug|Any CPU
		{0D56E8F6-ED80-4FC6-AF57-55B11F118BBF}.Release|Any CPU.ActiveCfg = Release|Any CPU
		{0D56E8F6-ED80-4FC6-AF57-55B11F118BBF}.Release|Any CPU.Build.0 = Release|Any CPU
	EndGlobalSection
	GlobalSection(SolutionProperties) = preSolution
		HideSolutionNode = FALSE
	EndGlobalSection
	GlobalSection(ExtensibilityGlobals) = postSolution
		SolutionGuid = {787EC4C4-ADEA-4404-BE51-1AB5F8F17EB5}
	EndGlobalSection
EndGlobal
